
Microsoft Visual Studio Solution File, Format Version 12.00
# Visual Studio Version 17
VisualStudioVersion = 17.4.33213.308
MinimumVisualStudioVersion = 10.0.40219.1
Project("{FAE04EC0-301F-11D3-BF4B-00C04F79EFBC}") = "MvcEFGestionDatosMasivosExcel", "MvcEFGestionDatosMasivosExcel\MvcEFGestionDatosMasivosExcel.csproj", "{D0ABCF62-C8CB-4477-BDFF-E1897F81DE9B}"
EndProject
Global
	GlobalSection(SolutionConfigurationPlatforms) = preSolution
		Debug|Any CPU = Debug|Any CPU
		Release|Any CPU = Release|Any CPU
	EndGlobalSection
	GlobalSection(ProjectConfigurationPlatforms) = postSolution
		{D0ABCF62-C8CB-4477-BDFF-E1897F81DE9B}.Debug|Any CPU.ActiveCfg = Debug|Any CPU
		{D0ABCF62-C8CB-4477-BDFF-E1897F81DE9B}.Debug|Any CPU.Build.0 = Debug|Any CPU
		{D0ABCF62-C8CB-4477-BDFF-E1897F81DE9B}.Release|Any CPU.ActiveCfg = Release|Any CPU
		{D0ABCF62-C8CB-4477-BDFF-E1897F81DE9B}.Release|Any CPU.Build.0 = Release|Any CPU
	EndGlobalSection
	GlobalSection(SolutionProperties) = preSolution
		HideSolutionNode = FALSE
	EndGlobalSection
	GlobalSection(ExtensibilityGlobals) = postSolution
		SolutionGuid = {A5929716-B305-49D4-A908-8579B94C365B}
	EndGlobalSection
EndGlobal
